
Microsoft Visual Studio Solution File, Format Version 12.00
# Visual Studio Version 17
VisualStudioVersion = 17.7.34202.233
MinimumVisualStudioVersion = 10.0.40219.1
Project("{FAE04EC0-301F-11D3-BF4B-00C04F79EFBC}") = "Star_Security_Services", "Star_Security_Services\Star_Security_Services.csproj", "{C43DCF30-E7F3-48EB-93A7-9D73E5316DE4}"
EndProject
Global
	GlobalSection(SolutionConfigurationPlatforms) = preSolution
		Debug|Any CPU = Debug|Any CPU
		Release|Any CPU = Release|Any CPU
	EndGlobalSection
	GlobalSection(ProjectConfigurationPlatforms) = postSolution
		{C43DCF30-E7F3-48EB-93A7-9D73E5316DE4}.Debug|Any CPU.ActiveCfg = Debug|Any CPU
		{C43DCF30-E7F3-48EB-93A7-9D73E5316DE4}.Debug|Any CPU.Build.0 = Debug|Any CPU
		{C43DCF30-E7F3-48EB-93A7-9D73E5316DE4}.Release|Any CPU.ActiveCfg = Release|Any CPU
		{C43DCF30-E7F3-48EB-93A7-9D73E5316DE4}.Release|Any CPU.Build.0 = Release|Any CPU
	EndGlobalSection
	GlobalSection(SolutionProperties) = preSolution
		HideSolutionNode = FALSE
	EndGlobalSection
	GlobalSection(ExtensibilityGlobals) = postSolution
		SolutionGuid = {997FFF1B-08F6-4780-94CD-3E099759A658}
	EndGlobalSection
EndGlobal
